// !$*UTF8*$!
{
	archiveVersion = 1;
	classes = {
	};
	objectVersion = 56;
	objects = {

/* Begin PBXBuildFile section */
		6F1903BC2C773B280025654C /* NetworkManager.swift in Sources */ = {isa = PBXBuildFile; fileRef = 6F1903BB2C773B280025654C /* NetworkManager.swift */; };
		6FA989672BDBD6A000E673E6 /* AppDelegate.swift in Sources */ = {isa = PBXBuildFile; fileRef = 6FA989662BDBD6A000E673E6 /* AppDelegate.swift */; };
		6FA989692BDBD6A000E673E6 /* SceneDelegate.swift in Sources */ = {isa = PBXBuildFile; fileRef = 6FA989682BDBD6A000E673E6 /* SceneDelegate.swift */; };
		6FA9896B2BDBD6A000E673E6 /* ViewController.swift in Sources */ = {isa = PBXBuildFile; fileRef = 6FA9896A2BDBD6A000E673E6 /* ViewController.swift */; };
		6FA9896E2BDBD6A100E673E6 /* Base in Resources */ = {isa = PBXBuildFile; fileRef = 6FA9896D2BDBD6A100E673E6 /* Base */; };
		6FA989702BDBD6A300E673E6 /* Assets.xcassets in Resources */ = {isa = PBXBuildFile; fileRef = 6FA9896F2BDBD6A300E673E6 /* Assets.xcassets */; };
		6FA989732BDBD6A300E673E6 /* Base in Resources */ = {isa = PBXBuildFile; fileRef = 6FA989722BDBD6A300E673E6 /* Base */; };
		6FB3C6412C7742F80079C39E /* No_Internet.gif in Resources */ = {isa = PBXBuildFile; fileRef = 6FB3C6402C7742F80079C39E /* No_Internet.gif */; };
		6FB3C6452C774C9D0079C39E /* No_Internet_loader.gif in Resources */ = {isa = PBXBuildFile; fileRef = 6FB3C6442C774C9D0079C39E /* No_Internet_loader.gif */; };
		6FC40E212C74642C00F1FC76 /* ConnectedPage.swift in Sources */ = {isa = PBXBuildFile; fileRef = 6FC40E202C74642C00F1FC76 /* ConnectedPage.swift */; };
		CB377A5AFFF9F5FA1A44DE65 /* Pods_NetworkButtonMethod_2.framework in Frameworks */ = {isa = PBXBuildFile; fileRef = C1C15FC8C85498E5B520A1AC /* Pods_NetworkButtonMethod_2.framework */; };
/* End PBXBuildFile section */

/* Begin PBXFileReference section */
		0227C225972FF16CED444BE3 /* Pods-NetworkButtonMethod-2.release.xcconfig */ = {isa = PBXFileReference; includeInIndex = 1; lastKnownFileType = text.xcconfig; name = "Pods-NetworkButtonMethod-2.release.xcconfig"; path = "Target Support Files/Pods-NetworkButtonMethod-2/Pods-NetworkButtonMethod-2.release.xcconfig"; sourceTree = "<group>"; };
		55E13D7955E6890B05A262C3 /* Pods-NetworkButtonMethod-2.debug.xcconfig */ = {isa = PBXFileReference; includeInIndex = 1; lastKnownFileType = text.xcconfig; name = "Pods-NetworkButtonMethod-2.debug.xcconfig"; path = "Target Support Files/Pods-NetworkButtonMethod-2/Pods-NetworkButtonMethod-2.debug.xcconfig"; sourceTree = "<group>"; };
		6F1903BB2C773B280025654C /* NetworkManager.swift */ = {isa = PBXFileReference; lastKnownFileType = sourcecode.swift; path = NetworkManager.swift; sourceTree = "<group>"; };
		6FA989632BDBD6A000E673E6 /* NetworkButtonMethod-2.app */ = {isa = PBXFileReference; explicitFileType = wrapper.application; includeInIndex = 0; path = "NetworkButtonMethod-2.app"; sourceTree = BUILT_PRODUCTS_DIR; };
		6FA989662BDBD6A000E673E6 /* AppDelegate.swift */ = {isa = PBXFileReference; lastKnownFileType = sourcecode.swift; path = AppDelegate.swift; sourceTree = "<group>"; };
		6FA989682BDBD6A000E673E6 /* SceneDelegate.swift */ = {isa = PBXFileReference; lastKnownFileType = sourcecode.swift; path = SceneDelegate.swift; sourceTree = "<group>"; };
		6FA9896A2BDBD6A000E673E6 /* ViewController.swift */ = {isa = PBXFileReference; lastKnownFileType = sourcecode.swift; path = ViewController.swift; sourceTree = "<group>"; };
		6FA9896D2BDBD6A100E673E6 /* Base */ = {isa = PBXFileReference; lastKnownFileType = file.storyboard; name = Base; path = Base.lproj/Main.storyboard; sourceTree = "<group>"; };
		6FA9896F2BDBD6A300E673E6 /* Assets.xcassets */ = {isa = PBXFileReference; lastKnownFileType = folder.assetcatalog; path = Assets.xcassets; sourceTree = "<group>"; };
		6FA989722BDBD6A300E673E6 /* Base */ = {isa = PBXFileReference; lastKnownFileType = file.storyboard; name = Base; path = Base.lproj/LaunchScreen.storyboard; sourceTree = "<group>"; };
		6FA989742BDBD6A300E673E6 /* Info.plist */ = {isa = PBXFileReference; lastKnownFileType = text.plist.xml; path = Info.plist; sourceTree = "<group>"; };
		6FB3C6402C7742F80079C39E /* No_Internet.gif */ = {isa = PBXFileReference; lastKnownFileType = image.gif; name = No_Internet.gif; path = ../../../../Task/No_Internet.gif; sourceTree = "<group>"; };
		6FB3C6442C774C9D0079C39E /* No_Internet_loader.gif */ = {isa = PBXFileReference; lastKnownFileType = image.gif; name = No_Internet_loader.gif; path = ../../../../Task/No_Internet_loader.gif; sourceTree = "<group>"; };
		6FC40E202C74642C00F1FC76 /* ConnectedPage.swift */ = {isa = PBXFileReference; lastKnownFileType = sourcecode.swift; path = ConnectedPage.swift; sourceTree = "<group>"; };
		C1C15FC8C85498E5B520A1AC /* Pods_NetworkButtonMethod_2.framework */ = {isa = PBXFileReference; explicitFileType = wrapper.framework; includeInIndex = 0; path = Pods_NetworkButtonMethod_2.framework; sourceTree = BUILT_PRODUCTS_DIR; };
/* End PBXFileReference section */

/* Begin PBXFrameworksBuildPhase section */
		6FA989602BDBD6A000E673E6 /* Frameworks */ = {
			isa = PBXFrameworksBuildPhase;
			buildActionMask = 2147483647;
			files = (
				CB377A5AFFF9F5FA1A44DE65 /* Pods_NetworkButtonMethod_2.framework in Frameworks */,
			);
			runOnlyForDeploymentPostprocessing = 0;
		};
/* End PBXFrameworksBuildPhase section */

/* Begin PBXGroup section */
		0EDB261C61DE1FFE8E1C9166 /* Pods */ = {
			isa = PBXGroup;
			children = (
				55E13D7955E6890B05A262C3 /* Pods-NetworkButtonMethod-2.debug.xcconfig */,
				0227C225972FF16CED444BE3 /* Pods-NetworkButtonMethod-2.release.xcconfig */,
			);
			path = Pods;
			sourceTree = "<group>";
		};
		6E283264F7C232C5A98C4B18 /* Frameworks */ = {
			isa = PBXGroup;
			children = (
				C1C15FC8C85498E5B520A1AC /* Pods_NetworkButtonMethod_2.framework */,
			);
			name = Frameworks;
			sourceTree = "<group>";
		};
		6FA9895A2BDBD6A000E673E6 = {
			isa = PBXGroup;
			children = (
				6FA989652BDBD6A000E673E6 /* NetworkButtonMethod-2 */,
				6FA989642BDBD6A000E673E6 /* Products */,
				0EDB261C61DE1FFE8E1C9166 /* Pods */,
				6E283264F7C232C5A98C4B18 /* Frameworks */,
			);
			sourceTree = "<group>";
		};
		6FA989642BDBD6A000E673E6 /* Products */ = {
			isa = PBXGroup;
			children = (
				6FA989632BDBD6A000E673E6 /* NetworkButtonMethod-2.app */,
			);
			name = Products;
			sourceTree = "<group>";
		};
		6FA989652BDBD6A000E673E6 /* NetworkButtonMethod-2 */ = {
			isa = PBXGroup;
			children = (
				6FA989662BDBD6A000E673E6 /* AppDelegate.swift */,
				6FA989682BDBD6A000E673E6 /* SceneDelegate.swift */,
				6FA9896A2BDBD6A000E673E6 /* ViewController.swift */,
				6F1903BB2C773B280025654C /* NetworkManager.swift */,
				6FB3C6442C774C9D0079C39E /* No_Internet_loader.gif */,
				6FB3C6402C7742F80079C39E /* No_Internet.gif */,
				6FA9896C2BDBD6A100E673E6 /* Main.storyboard */,
				6FC40E202C74642C00F1FC76 /* ConnectedPage.swift */,
				6FA9896F2BDBD6A300E673E6 /* Assets.xcassets */,
				6FA989712BDBD6A300E673E6 /* LaunchScreen.storyboard */,
				6FA989742BDBD6A300E673E6 /* Info.plist */,
			);
			path = "NetworkButtonMethod-2";
			sourceTree = "<group>";
		};
/* End PBXGroup section */

/* Begin PBXNativeTarget section */
		6FA989622BDBD6A000E673E6 /* NetworkButtonMethod-2 */ = {
			isa = PBXNativeTarget;
			buildConfigurationList = 6FA989772BDBD6A300E673E6 /* Build configuration list for PBXNativeTarget "NetworkButtonMethod-2" */;
			buildPhases = (
				E4F7747F3FB0D149C88038C2 /* [CP] Check Pods Manifest.lock */,
				6FA9895F2BDBD6A000E673E6 /* Sources */,
				6FA989602BDBD6A000E673E6 /* Frameworks */,
				6FA989612BDBD6A000E673E6 /* Resources */,
				AFC08FE7CCA1E0B2835FA2FC /* [CP] Embed Pods Frameworks */,
			);
			buildRules = (
			);
			dependencies = (
			);
			name = "NetworkButtonMethod-2";
			productName = "NetworkButtonMethod-2";
			productReference = 6FA989632BDBD6A000E673E6 /* NetworkButtonMethod-2.app */;
			productType = "com.apple.product-type.application";
		};
/* End PBXNativeTarget section */

/* Begin PBXProject section */
		6FA9895B2BDBD6A000E673E6 /* Project object */ = {
			isa = PBXProject;
			attributes = {
				BuildIndependentTargetsInParallel = 1;
				LastSwiftUpdateCheck = 1530;
				LastUpgradeCheck = 1530;
				TargetAttributes = {
					6FA989622BDBD6A000E673E6 = {
						CreatedOnToolsVersion = 15.3;
					};
				};
			};
			buildConfigurationList = 6FA9895E2BDBD6A000E673E6 /* Build configuration list for PBXProject "NetworkButtonMethod-2" */;
			compatibilityVersion = "Xcode 14.0";
			developmentRegion = en;
			hasScannedForEncodings = 0;
			knownRegions = (
				en,
				Base,
			);
			mainGroup = 6FA9895A2BDBD6A000E673E6;
			productRefGroup = 6FA989642BDBD6A000E673E6 /* Products */;
			projectDirPath = "";
			projectRoot = "";
			targets = (
				6FA989622BDBD6A000E673E6 /* NetworkButtonMethod-2 */,
			);
		};
/* End PBXProject section */

/* Begin PBXResourcesBuildPhase section */
		6FA989612BDBD6A000E673E6 /* Resources */ = {
			isa = PBXResourcesBuildPhase;
			buildActionMask = 2147483647;
			files = (
				6FB3C6412C7742F80079C39E /* No_Internet.gif in Resources */,
				6FB3C6452C774C9D0079C39E /* No_Internet_loader.gif in Resources */,
				6FA989702BDBD6A300E673E6 /* Assets.xcassets in Resources */,
				6FA989732BDBD6A300E673E6 /* Base in Resources */,
				6FA9896E2BDBD6A100E673E6 /* Base in Resources */,
			);
			runOnlyForDeploymentPostprocessing = 0;
		};
/* End PBXResourcesBuildPhase section */

/* Begin PBXShellScriptBuildPhase section */
		AFC08FE7CCA1E0B2835FA2FC /* [CP] Embed Pods Frameworks */ = {
			isa = PBXShellScriptBuildPhase;
			buildActionMask = 2147483647;
			files = (
			);
			inputFileListPaths = (
				"${PODS_ROOT}/Target Support Files/Pods-NetworkButtonMethod-2/Pods-NetworkButtonMethod-2-frameworks-${CONFIGURATION}-input-files.xcfilelist",
			);
			name = "[CP] Embed Pods Frameworks";
			outputFileListPaths = (
				"${PODS_ROOT}/Target Support Files/Pods-NetworkButtonMethod-2/Pods-NetworkButtonMethod-2-frameworks-${CONFIGURATION}-output-files.xcfilelist",
			);
			runOnlyForDeploymentPostprocessing = 0;
			shellPath = /bin/sh;
			shellScript = "\"${PODS_ROOT}/Target Support Files/Pods-NetworkButtonMethod-2/Pods-NetworkButtonMethod-2-frameworks.sh\"\n";
			showEnvVarsInLog = 0;
		};
		E4F7747F3FB0D149C88038C2 /* [CP] Check Pods Manifest.lock */ = {
			isa = PBXShellScriptBuildPhase;
			buildActionMask = 2147483647;
			files = (
			);
			inputFileListPaths = (
			);
			inputPaths = (
				"${PODS_PODFILE_DIR_PATH}/Podfile.lock",
				"${PODS_ROOT}/Manifest.lock",
			);
			name = "[CP] Check Pods Manifest.lock";
			outputFileListPaths = (
			);
			outputPaths = (
				"$(DERIVED_FILE_DIR)/Pods-NetworkButtonMethod-2-checkManifestLockResult.txt",
			);
			runOnlyForDeploymentPostprocessing = 0;
			shellPath = /bin/sh;
			shellScript = "diff \"${PODS_PODFILE_DIR_PATH}/Podfile.lock\" \"${PODS_ROOT}/Manifest.lock\" > /dev/null\nif [ $? != 0 ] ; then\n    # print error to STDERR\n    echo \"error: The sandbox is not in sync with the Podfile.lock. Run 'pod install' or update your CocoaPods installation.\" >&2\n    exit 1\nfi\n# This output is used by Xcode 'outputs' to avoid re-running this script phase.\necho \"SUCCESS\" > \"${SCRIPT_OUTPUT_FILE_0}\"\n";
			showEnvVarsInLog = 0;
		};
/* End PBXShellScriptBuildPhase section */

/* Begin PBXSourcesBuildPhase section */
		6FA9895F2BDBD6A000E673E6 /* Sources */ = {
			isa = PBXSourcesBuildPhase;
			buildActionMask = 2147483647;
			files = (
				6FA9896B2BDBD6A000E673E6 /* ViewController.swift in Sources */,
				6FA989672BDBD6A000E673E6 /* AppDelegate.swift in Sources */,
				6F1903BC2C773B280025654C /* NetworkManager.swift in Sources */,
				6FC40E212C74642C00F1FC76 /* ConnectedPage.swift in Sources */,
				6FA989692BDBD6A000E673E6 /* SceneDelegate.swift in Sources */,
			);
			runOnlyForDeploymentPostprocessing = 0;
		};
/* End PBXSourcesBuildPhase section */

/* Begin PBXVariantGroup section */
		6FA9896C2BDBD6A100E673E6 /* Main.storyboard */ = {
			isa = PBXVariantGroup;
			children = (
				6FA9896D2BDBD6A100E673E6 /* Base */,
			);
			name = Main.storyboard;
			sourceTree = "<group>";
		};
		6FA989712BDBD6A300E673E6 /* LaunchScreen.storyboard */ = {
			isa = PBXVariantGroup;
			children = (
				6FA989722BDBD6A300E673E6 /* Base */,
			);
			name = LaunchScreen.storyboard;
			sourceTree = "<group>";
		};
/* End PBXVariantGroup section */

/* Begin XCBuildConfiguration section */
		6FA989752BDBD6A300E673E6 /* Debug */ = {
			isa = XCBuildConfiguration;
			buildSettings = {
				ALWAYS_SEARCH_USER_PATHS = NO;
				ASSETCATALOG_COMPILER_GENERATE_SWIFT_ASSET_SYMBOL_EXTENSIONS = YES;
				CLANG_ANALYZER_NONNULL = YES;
				CLANG_ANALYZER_NUMBER_OBJECT_CONVERSION = YES_AGGRESSIVE;
				CLANG_CXX_LANGUAGE_STANDARD = "gnu++20";
				CLANG_ENABLE_MODULES = YES;
				CLANG_ENABLE_OBJC_ARC = YES;
				CLANG_ENABLE_OBJC_WEAK = YES;
				CLANG_WARN_BLOCK_CAPTURE_AUTORELEASING = YES;
				CLANG_WARN_BOOL_CONVERSION = YES;
				CLANG_WARN_COMMA = YES;
				CLANG_WARN_CONSTANT_CONVERSION = YES;
				CLANG_WARN_DEPRECATED_OBJC_IMPLEMENTATIONS = YES;
				CLANG_WARN_DIRECT_OBJC_ISA_USAGE = YES_ERROR;
				CLANG_WARN_DOCUMENTATION_COMMENTS = YES;
				CLANG_WARN_EMPTY_BODY = YES;
				CLANG_WARN_ENUM_CONVERSION = YES;
				CLANG_WARN_INFINITE_RECURSION = YES;
				CLANG_WARN_INT_CONVERSION = YES;
				CLANG_WARN_NON_LITERAL_NULL_CONVERSION = YES;
				CLANG_WARN_OBJC_IMPLICIT_RETAIN_SELF = YES;
				CLANG_WARN_OBJC_LITERAL_CONVERSION = YES;
				CLANG_WARN_OBJC_ROOT_CLASS = YES_ERROR;
				CLANG_WARN_QUOTED_INCLUDE_IN_FRAMEWORK_HEADER = YES;
				CLANG_WARN_RANGE_LOOP_ANALYSIS = YES;
				CLANG_WARN_STRICT_PROTOTYPES = YES;
				CLANG_WARN_SUSPICIOUS_MOVE = YES;
				CLANG_WARN_UNGUARDED_AVAILABILITY = YES_AGGRESSIVE;
				CLANG_WARN_UNREACHABLE_CODE = YES;
				CLANG_WARN__DUPLICATE_METHOD_MATCH = YES;
				COPY_PHASE_STRIP = NO;
				DEBUG_INFORMATION_FORMAT = dwarf;
				ENABLE_STRICT_OBJC_MSGSEND = YES;
				ENABLE_TESTABILITY = YES;
				ENABLE_USER_SCRIPT_SANDBOXING = YES;
				GCC_C_LANGUAGE_STANDARD = gnu17;
				GCC_DYNAMIC_NO_PIC = NO;
				GCC_NO_COMMON_BLOCKS = YES;
				GCC_OPTIMIZATION_LEVEL = 0;
				GCC_PREPROCESSOR_DEFINITIONS = (
					"DEBUG=1",
					"$(inherited)",
				);
				GCC_WARN_64_TO_32_BIT_CONVERSION = YES;
				GCC_WARN_ABOUT_RETURN_TYPE = YES_ERROR;
				GCC_WARN_UNDECLARED_SELECTOR = YES;
				GCC_WARN_UNINITIALIZED_AUTOS = YES_AGGRESSIVE;
				GCC_WARN_UNUSED_FUNCTION = YES;
				GCC_WARN_UNUSED_VARIABLE = YES;
				IPHONEOS_DEPLOYMENT_TARGET = 17.4;
				LOCALIZATION_PREFERS_STRING_CATALOGS = YES;
				MTL_ENABLE_DEBUG_INFO = INCLUDE_SOURCE;
				MTL_FAST_MATH = YES;
				ONLY_ACTIVE_ARCH = YES;
				SDKROOT = iphoneos;
				SWIFT_ACTIVE_COMPILATION_CONDITIONS = "DEBUG $(inherited)";
				SWIFT_OPTIMIZATION_LEVEL = "-Onone";
			};
			name = Debug;
		};
		6FA989762BDBD6A300E673E6 /* Release */ = {
			isa = XCBuildConfiguration;
			buildSettings = {
				ALWAYS_SEARCH_USER_PATHS = NO;
				ASSETCATALOG_COMPILER_GENERATE_SWIFT_ASSET_SYMBOL_EXTENSIONS = YES;
				CLANG_ANALYZER_NONNULL = YES;
				CLANG_ANALYZER_NUMBER_OBJECT_CONVERSION = YES_AGGRESSIVE;
				CLANG_CXX_LANGUAGE_STANDARD = "gnu++20";
				CLANG_ENABLE_MODULES = YES;
				CLANG_ENABLE_OBJC_ARC = YES;
				CLANG_ENABLE_OBJC_WEAK = YES;
				CLANG_WARN_BLOCK_CAPTURE_AUTORELEASING = YES;
				CLANG_WARN_BOOL_CONVERSION = YES;
				CLANG_WARN_COMMA = YES;
				CLANG_WARN_CONSTANT_CONVERSION = YES;
				CLANG_WARN_DEPRECATED_OBJC_IMPLEMENTATIONS = YES;
				CLANG_WARN_DIRECT_OBJC_ISA_USAGE = YES_ERROR;
				CLANG_WARN_DOCUMENTATION_COMMENTS = YES;
				CLANG_WARN_EMPTY_BODY = YES;
				CLANG_WARN_ENUM_CONVERSION = YES;
				CLANG_WARN_INFINITE_RECURSION = YES;
				CLANG_WARN_INT_CONVERSION = YES;
				CLANG_WARN_NON_LITERAL_NULL_CONVERSION = YES;
				CLANG_WARN_OBJC_IMPLICIT_RETAIN_SELF = YES;
				CLANG_WARN_OBJC_LITERAL_CONVERSION = YES;
				CLANG_WARN_OBJC_ROOT_CLASS = YES_ERROR;
				CLANG_WARN_QUOTED_INCLUDE_IN_FRAMEWORK_HEADER = YES;
				CLANG_WARN_RANGE_LOOP_ANALYSIS = YES;
				CLANG_WARN_STRICT_PROTOTYPES = YES;
				CLANG_WARN_SUSPICIOUS_MOVE = YES;
				CLANG_WARN_UNGUARDED_AVAILABILITY = YES_AGGRESSIVE;
				CLANG_WARN_UNREACHABLE_CODE = YES;
				CLANG_WARN__DUPLICATE_METHOD_MATCH = YES;
				COPY_PHASE_STRIP = NO;
				DEBUG_INFORMATION_FORMAT = "dwarf-with-dsym";
				ENABLE_NS_ASSERTIONS = NO;
				ENABLE_STRICT_OBJC_MSGSEND = YES;
				ENABLE_USER_SCRIPT_SANDBOXING = YES;
				GCC_C_LANGUAGE_STANDARD = gnu17;
				GCC_NO_COMMON_BLOCKS = YES;
				GCC_WARN_64_TO_32_BIT_CONVERSION = YES;
				GCC_WARN_ABOUT_RETURN_TYPE = YES_ERROR;
				GCC_WARN_UNDECLARED_SELECTOR = YES;
				GCC_WARN_UNINITIALIZED_AUTOS = YES_AGGRESSIVE;
				GCC_WARN_UNUSED_FUNCTION = YES;
				GCC_WARN_UNUSED_VARIABLE = YES;
				IPHONEOS_DEPLOYMENT_TARGET = 17.4;
				LOCALIZATION_PREFERS_STRING_CATALOGS = YES;
				MTL_ENABLE_DEBUG_INFO = NO;
				MTL_FAST_MATH = YES;
				SDKROOT = iphoneos;
				SWIFT_COMPILATION_MODE = wholemodule;
				VALIDATE_PRODUCT = YES;
			};
			name = Release;
		};
		6FA989782BDBD6A300E673E6 /* Debug */ = {
			isa = XCBuildConfiguration;
			baseConfigurationReference = 55E13D7955E6890B05A262C3 /* Pods-NetworkButtonMethod-2.debug.xcconfig */;
			buildSettings = {
				ASSETCATALOG_COMPILER_APPICON_NAME = AppIcon;
				ASSETCATALOG_COMPILER_GLOBAL_ACCENT_COLOR_NAME = AccentColor;
				CODE_SIGN_STYLE = Automatic;
				CURRENT_PROJECT_VERSION = 1;
				DEVELOPMENT_TEAM = 745N9NAXS4;
				ENABLE_USER_SCRIPT_SANDBOXING = NO;
				GENERATE_INFOPLIST_FILE = YES;
				INFOPLIST_FILE = "NetworkButtonMethod-2/Info.plist";
				INFOPLIST_KEY_UIApplicationSupportsIndirectInputEvents = YES;
				INFOPLIST_KEY_UILaunchStoryboardName = LaunchScreen;
				INFOPLIST_KEY_UIMainStoryboardFile = Main;
				INFOPLIST_KEY_UISupportedInterfaceOrientations_iPad = "UIInterfaceOrientationPortrait UIInterfaceOrientationPortraitUpsideDown UIInterfaceOrientationLandscapeLeft UIInterfaceOrientationLandscapeRight";
				INFOPLIST_KEY_UISupportedInterfaceOrientations_iPhone = "UIInterfaceOrientationPortrait UIInterfaceOrientationLandscapeLeft UIInterfaceOrientationLandscapeRight";
				IPHONEOS_DEPLOYMENT_TARGET = 16.5;
				LD_RUNPATH_SEARCH_PATHS = (
					"$(inherited)",
					"@executable_path/Frameworks",
				);
				MARKETING_VERSION = 1.0;
				PRODUCT_BUNDLE_IDENTIFIER = "e2.NetworkButtonMethod-2";
				PRODUCT_NAME = "$(TARGET_NAME)";
				SWIFT_EMIT_LOC_STRINGS = YES;
				SWIFT_VERSION = 5.0;
				TARGETED_DEVICE_FAMILY = "1,2";
			};
			name = Debug;
		};
		6FA989792BDBD6A300E673E6 /* Release */ = {
			isa = XCBuildConfiguration;
			baseConfigurationReference = 0227C225972FF16CED444BE3 /* Pods-NetworkButtonMethod-2.release.xcconfig */;
			buildSettings = {
				ASSETCATALOG_COMPILER_APPICON_NAME = AppIcon;
				ASSETCATALOG_COMPILER_GLOBAL_ACCENT_COLOR_NAME = AccentColor;
				CODE_SIGN_STYLE = Automatic;
				CURRENT_PROJECT_VERSION = 1;
				DEVELOPMENT_TEAM = 745N9NAXS4;
				ENABLE_USER_SCRIPT_SANDBOXING = NO;
				GENERATE_INFOPLIST_FILE = YES;
				INFOPLIST_FILE = "NetworkButtonMethod-2/Info.plist";
				INFOPLIST_KEY_UIApplicationSupportsIndirectInputEvents = YES;
				INFOPLIST_KEY_UILaunchStoryboardName = LaunchScreen;
				INFOPLIST_KEY_UIMainStoryboardFile = Main;
				INFOPLIST_KEY_UISupportedInterfaceOrientations_iPad = "UIInterfaceOrientationPortrait UIInterfaceOrientationPortraitUpsideDown UIInterfaceOrientationLandscapeLeft UIInterfaceOrientationLandscapeRight";
				INFOPLIST_KEY_UISupportedInterfaceOrientations_iPhone = "UIInterfaceOrientationPortrait UIInterfaceOrientationLandscapeLeft UIInterfaceOrientationLandscapeRight";
				IPHONEOS_DEPLOYMENT_TARGET = 16.5;
				LD_RUNPATH_SEARCH_PATHS = (
					"$(inherited)",
					"@executable_path/Frameworks",
				);
				MARKETING_VERSION = 1.0;
				PRODUCT_BUNDLE_IDENTIFIER = "e2.NetworkButtonMethod-2";
				PRODUCT_NAME = "$(TARGET_NAME)";
				SWIFT_EMIT_LOC_STRINGS = YES;
				SWIFT_VERSION = 5.0;
				TARGETED_DEVICE_FAMILY = "1,2";
			};
			name = Release;
		};
/* End XCBuildConfiguration section */

/* Begin XCConfigurationList section */
		6FA9895E2BDBD6A000E673E6 /* Build configuration list for PBXProject "NetworkButtonMethod-2" */ = {
			isa = XCConfigurationList;
			buildConfigurations = (
				6FA989752BDBD6A300E673E6 /* Debug */,
				6FA989762BDBD6A300E673E6 /* Release */,
			);
			defaultConfigurationIsVisible = 0;
			defaultConfigurationName = Release;
		};
		6FA989772BDBD6A300E673E6 /* Build configuration list for PBXNativeTarget "NetworkButtonMethod-2" */ = {
			isa = XCConfigurationList;
			buildConfigurations = (
				6FA989782BDBD6A300E673E6 /* Debug */,
				6FA989792BDBD6A300E673E6 /* Release */,
			);
			defaultConfigurationIsVisible = 0;
			defaultConfigurationName = Release;
		};
/* End XCConfigurationList section */
	};
	rootObject = 6FA9895B2BDBD6A000E673E6 /* Project object */;
}
